
Microsoft Visual Studio Solution File, Format Version 12.00
# Visual Studio 14
VisualStudioVersion = 14.0.25123.0
MinimumVisualStudioVersion = 10.0.40219.1
Project("{FAE04EC0-301F-11D3-BF4B-00C04F79EFBC}") = "Vremenko.Droid", "Vremenko\Vremenko.Droid\Vremenko.Droid.csproj", "{E096FFB9-80C8-4C7B-91E1-7C12A843372E}"
EndProject
Project("{FAE04EC0-301F-11D3-BF4B-00C04F79EFBC}") = "Vremenko.iOS", "Vremenko\Vremenko.iOS\Vremenko.iOS.csproj", "{E4333F68-CF32-46A1-9AD3-9231FB3F090E}"
EndProject
Project("{FAE04EC0-301F-11D3-BF4B-00C04F79EFBC}") = "Vremenko.WinPhone", "Vremenko\Vremenko.WinPhone\Vremenko.WinPhone.csproj", "{B2FB9C48-DC35-4A38-AB76-7DAECF8F4576}"
EndProject
Project("{FAE04EC0-301F-11D3-BF4B-00C04F79EFBC}") = "Vremenko.UWP", "Vremenko\Vremenko.UWP\Vremenko.UWP.csproj", "{C20F8C7A-1825-46F2-9755-2B27A85EBFAE}"
EndProject
Project("{FAE04EC0-301F-11D3-BF4B-00C04F79EFBC}") = "Vremenko.Windows", "Vremenko\Vremenko.Windows\Vremenko.Windows.csproj", "{E9867B0B-0EEF-4812-BD42-5646AC065EFD}"
EndProject
Project("{FAE04EC0-301F-11D3-BF4B-00C04F79EFBC}") = "Vremenko", "Vremenko\Vremenko\Vremenko.csproj", "{E51CE0D1-C485-4D4A-B3AD-F669AC3036D7}"
EndProject
Global
	GlobalSection(SolutionConfigurationPlatforms) = preSolution
		Ad-Hoc|Any CPU = Ad-Hoc|Any CPU
		Ad-Hoc|ARM = Ad-Hoc|ARM
		Ad-Hoc|iPhone = Ad-Hoc|iPhone
		Ad-Hoc|iPhoneSimulator = Ad-Hoc|iPhoneSimulator
		Ad-Hoc|x64 = Ad-Hoc|x64
		Ad-Hoc|x86 = Ad-Hoc|x86
		AppStore|Any CPU = AppStore|Any CPU
		AppStore|ARM = AppStore|ARM
		AppStore|iPhone = AppStore|iPhone
		AppStore|iPhoneSimulator = AppStore|iPhoneSimulator
		AppStore|x64 = AppStore|x64
		AppStore|x86 = AppStore|x86
		Debug|Any CPU = Debug|Any CPU
		Debug|ARM = Debug|ARM
		Debug|iPhone = Debug|iPhone
		Debug|iPhoneSimulator = Debug|iPhoneSimulator
		Debug|x64 = Debug|x64
		Debug|x86 = Debug|x86
		Release|Any CPU = Release|Any CPU
		Release|ARM = Release|ARM
		Release|iPhone = Release|iPhone
		Release|iPhoneSimulator = Release|iPhoneSimulator
		Release|x64 = Release|x64
		Release|x86 = Release|x86
	EndGlobalSection
	GlobalSection(ProjectConfigurationPlatforms) = postSolution
		{E096FFB9-80C8-4C7B-91E1-7C12A843372E}.Ad-Hoc|Any CPU.ActiveCfg = Release|Any CPU
		{E096FFB9-80C8-4C7B-91E1-7C12A843372E}.Ad-Hoc|Any CPU.Build.0 = Release|Any CPU
		{E096FFB9-80C8-4C7B-91E1-7C12A843372E}.Ad-Hoc|Any CPU.Deploy.0 = Release|Any CPU
		{E096FFB9-80C8-4C7B-91E1-7C12A843372E}.Ad-Hoc|ARM.ActiveCfg = Release|Any CPU
		{E096FFB9-80C8-4C7B-91E1-7C12A843372E}.Ad-Hoc|ARM.Build.0 = Release|Any CPU
		{E096FFB9-80C8-4C7B-91E1-7C12A843372E}.Ad-Hoc|ARM.Deploy.0 = Release|Any CPU
		{E096FFB9-80C8-4C7B-91E1-7C12A843372E}.Ad-Hoc|iPhone.ActiveCfg = Release|Any CPU
		{E096FFB9-80C8-4C7B-91E1-7C12A843372E}.Ad-Hoc|iPhone.Build.0 = Release|Any CPU
		{E096FFB9-80C8-4C7B-91E1-7C12A843372E}.Ad-Hoc|iPhone.Deploy.0 = Release|Any CPU
		{E096FFB9-80C8-4C7B-91E1-7C12A843372E}.Ad-Hoc|iPhoneSimulator.ActiveCfg = Release|Any CPU
		{E096FFB9-80C8-4C7B-91E1-7C12A843372E}.Ad-Hoc|iPhoneSimulator.Build.0 = Release|Any CPU
		{E096FFB9-80C8-4C7B-91E1-7C12A843372E}.Ad-Hoc|iPhoneSimulator.Deploy.0 = Release|Any CPU
		{E096FFB9-80C8-4C7B-91E1-7C12A843372E}.Ad-Hoc|x64.ActiveCfg = Release|Any CPU
		{E096FFB9-80C8-4C7B-91E1-7C12A843372E}.Ad-Hoc|x64.Build.0 = Release|Any CPU
		{E096FFB9-80C8-4C7B-91E1-7C12A843372E}.Ad-Hoc|x64.Deploy.0 = Release|Any CPU
		{E096FFB9-80C8-4C7B-91E1-7C12A843372E}.Ad-Hoc|x86.ActiveCfg = Release|Any CPU
		{E096FFB9-80C8-4C7B-91E1-7C12A843372E}.Ad-Hoc|x86.Build.0 = Release|Any CPU
		{E096FFB9-80C8-4C7B-91E1-7C12A843372E}.Ad-Hoc|x86.Deploy.0 = Release|Any CPU
		{E096FFB9-80C8-4C7B-91E1-7C12A843372E}.AppStore|Any CPU.ActiveCfg = Release|Any CPU
		{E096FFB9-80C8-4C7B-91E1-7C12A843372E}.AppStore|Any CPU.Build.0 = Release|Any CPU
		{E096FFB9-80C8-4C7B-91E1-7C12A843372E}.AppStore|Any CPU.Deploy.0 = Release|Any CPU
		{E096FFB9-80C8-4C7B-91E1-7C12A843372E}.AppStore|ARM.ActiveCfg = Release|Any CPU
		{E096FFB9-80C8-4C7B-91E1-7C12A843372E}.AppStore|ARM.Build.0 = Release|Any CPU
		{E096FFB9-80C8-4C7B-91E1-7C12A843372E}.AppStore|ARM.Deploy.0 = Release|Any CPU
		{E096FFB9-80C8-4C7B-91E1-7C12A843372E}.AppStore|iPhone.ActiveCfg = Release|Any CPU
		{E096FFB9-80C8-4C7B-91E1-7C12A843372E}.AppStore|iPhone.Build.0 = Release|Any CPU
		{E096FFB9-80C8-4C7B-91E1-7C12A843372E}.AppStore|iPhone.Deploy.0 = Release|Any CPU
		{E096FFB9-80C8-4C7B-91E1-7C12A843372E}.AppStore|iPhoneSimulator.ActiveCfg = Release|Any CPU
		{E096FFB9-80C8-4C7B-91E1-7C12A843372E}.AppStore|iPhoneSimulator.Build.0 = Release|Any CPU
		{E096FFB9-80C8-4C7B-91E1-7C12A843372E}.AppStore|iPhoneSimulator.Deploy.0 = Release|Any CPU
		{E096FFB9-80C8-4C7B-91E1-7C12A843372E}.AppStore|x64.ActiveCfg = Release|Any CPU
		{E096FFB9-80C8-4C7B-91E1-7C12A843372E}.AppStore|x64.Build.0 = Release|Any CPU
		{E096FFB9-80C8-4C7B-91E1-7C12A843372E}.AppStore|x64.Deploy.0 = Release|Any CPU
		{E096FFB9-80C8-4C7B-91E1-7C12A843372E}.AppStore|x86.ActiveCfg = Release|Any CPU
		{E096FFB9-80C8-4C7B-91E1-7C12A843372E}.AppStore|x86.Build.0 = Release|Any CPU
		{E096FFB9-80C8-4C7B-91E1-7C12A843372E}.AppStore|x86.Deploy.0 = Release|Any CPU
		{E096FFB9-80C8-4C7B-91E1-7C12A843372E}.Debug|Any CPU.ActiveCfg = Debug|Any CPU
		{E096FFB9-80C8-4C7B-91E1-7C12A843372E}.Debug|Any CPU.Build.0 = Debug|Any CPU
		{E096FFB9-80C8-4C7B-91E1-7C12A843372E}.Debug|Any CPU.Deploy.0 = Debug|Any CPU
		{E096FFB9-80C8-4C7B-91E1-7C12A843372E}.Debug|ARM.ActiveCfg = Debug|Any CPU
		{E096FFB9-80C8-4C7B-91E1-7C12A843372E}.Debug|ARM.Build.0 = Debug|Any CPU
		{E096FFB9-80C8-4C7B-91E1-7C12A843372E}.Debug|ARM.Deploy.0 = Debug|Any CPU
		{E096FFB9-80C8-4C7B-91E1-7C12A843372E}.Debug|iPhone.ActiveCfg = Debug|Any CPU
		{E096FFB9-80C8-4C7B-91E1-7C12A843372E}.Debug|iPhone.Build.0 = Debug|Any CPU
		{E096FFB9-80C8-4C7B-91E1-7C12A843372E}.Debug|iPhone.Deploy.0 = Debug|Any CPU
		{E096FFB9-80C8-4C7B-91E1-7C12A843372E}.Debug|iPhoneSimulator.ActiveCfg = Debug|Any CPU
		{E096FFB9-80C8-4C7B-91E1-7C12A843372E}.Debug|iPhoneSimulator.Build.0 = Debug|Any CPU
		{E096FFB9-80C8-4C7B-91E1-7C12A843372E}.Debug|iPhoneSimulator.Deploy.0 = Debug|Any CPU
		{E096FFB9-80C8-4C7B-91E1-7C12A843372E}.Debug|x64.ActiveCfg = Debug|Any CPU
		{E096FFB9-80C8-4C7B-91E1-7C12A843372E}.Debug|x64.Build.0 = Debug|Any CPU
		{E096FFB9-80C8-4C7B-91E1-7C12A843372E}.Debug|x64.Deploy.0 = Debug|Any CPU
		{E096FFB9-80C8-4C7B-91E1-7C12A843372E}.Debug|x86.ActiveCfg = Debug|Any CPU
		{E096FFB9-80C8-4C7B-91E1-7C12A843372E}.Debug|x86.Build.0 = Debug|Any CPU
		{E096FFB9-80C8-4C7B-91E1-7C12A843372E}.Debug|x86.Deploy.0 = Debug|Any CPU
		{E096FFB9-80C8-4C7B-91E1-7C12A843372E}.Release|Any CPU.ActiveCfg = Release|Any CPU
		{E096FFB9-80C8-4C7B-91E1-7C12A843372E}.Release|Any CPU.Build.0 = Release|Any CPU
		{E096FFB9-80C8-4C7B-91E1-7C12A843372E}.Release|Any CPU.Deploy.0 = Release|Any CPU
		{E096FFB9-80C8-4C7B-91E1-7C12A843372E}.Release|ARM.ActiveCfg = Release|Any CPU
		{E096FFB9-80C8-4C7B-91E1-7C12A843372E}.Release|ARM.Build.0 = Release|Any CPU
		{E096FFB9-80C8-4C7B-91E1-7C12A843372E}.Release|ARM.Deploy.0 = Release|Any CPU
		{E096FFB9-80C8-4C7B-91E1-7C12A843372E}.Release|iPhone.ActiveCfg = Release|Any CPU
		{E096FFB9-80C8-4C7B-91E1-7C12A843372E}.Release|iPhone.Build.0 = Release|Any CPU
		{E096FFB9-80C8-4C7B-91E1-7C12A843372E}.Release|iPhone.Deploy.0 = Release|Any CPU
		{E096FFB9-80C8-4C7B-91E1-7C12A843372E}.Release|iPhoneSimulator.ActiveCfg = Release|Any CPU
		{E096FFB9-80C8-4C7B-91E1-7C12A843372E}.Release|iPhoneSimulator.Build.0 = Release|Any CPU
		{E096FFB9-80C8-4C7B-91E1-7C12A843372E}.Release|iPhoneSimulator.Deploy.0 = Release|Any CPU
		{E096FFB9-80C8-4C7B-91E1-7C12A843372E}.Release|x64.ActiveCfg = Release|Any CPU
		{E096FFB9-80C8-4C7B-91E1-7C12A843372E}.Release|x64.Build.0 = Release|Any CPU
		{E096FFB9-80C8-4C7B-91E1-7C12A843372E}.Release|x64.Deploy.0 = Release|Any CPU
		{E096FFB9-80C8-4C7B-91E1-7C12A843372E}.Release|x86.ActiveCfg = Release|Any CPU
		{E096FFB9-80C8-4C7B-91E1-7C12A843372E}.Release|x86.Build.0 = Release|Any CPU
		{E096FFB9-80C8-4C7B-91E1-7C12A843372E}.Release|x86.Deploy.0 = Release|Any CPU
		{E4333F68-CF32-46A1-9AD3-9231FB3F090E}.Ad-Hoc|Any CPU.ActiveCfg = Ad-Hoc|iPhone
		{E4333F68-CF32-46A1-9AD3-9231FB3F090E}.Ad-Hoc|ARM.ActiveCfg = Ad-Hoc|iPhone
		{E4333F68-CF32-46A1-9AD3-9231FB3F090E}.Ad-Hoc|iPhone.ActiveCfg = Ad-Hoc|iPhone
		{E4333F68-CF32-46A1-9AD3-9231FB3F090E}.Ad-Hoc|iPhone.Build.0 = Ad-Hoc|iPhone
		{E4333F68-CF32-46A1-9AD3-9231FB3F090E}.Ad-Hoc|iPhoneSimulator.ActiveCfg = Ad-Hoc|iPhoneSimulator
		{E4333F68-CF32-46A1-9AD3-9231FB3F090E}.Ad-Hoc|iPhoneSimulator.Build.0 = Ad-Hoc|iPhoneSimulator
		{E4333F68-CF32-46A1-9AD3-9231FB3F090E}.Ad-Hoc|x64.ActiveCfg = Ad-Hoc|iPhone
		{E4333F68-CF32-46A1-9AD3-9231FB3F090E}.Ad-Hoc|x86.ActiveCfg = Ad-Hoc|iPhone
		{E4333F68-CF32-46A1-9AD3-9231FB3F090E}.AppStore|Any CPU.ActiveCfg = AppStore|iPhone
		{E4333F68-CF32-46A1-9AD3-9231FB3F090E}.AppStore|ARM.ActiveCfg = AppStore|iPhone
		{E4333F68-CF32-46A1-9AD3-9231FB3F090E}.AppStore|iPhone.ActiveCfg = AppStore|iPhone
		{E4333F68-CF32-46A1-9AD3-9231FB3F090E}.AppStore|iPhone.Build.0 = AppStore|iPhone
		{E4333F68-CF32-46A1-9AD3-9231FB3F090E}.AppStore|iPhoneSimulator.ActiveCfg = AppStore|iPhoneSimulator
		{E4333F68-CF32-46A1-9AD3-9231FB3F090E}.AppStore|iPhoneSimulator.Build.0 = AppStore|iPhoneSimulator
		{E4333F68-CF32-46A1-9AD3-9231FB3F090E}.AppStore|x64.ActiveCfg = AppStore|iPhone
		{E4333F68-CF32-46A1-9AD3-9231FB3F090E}.AppStore|x86.ActiveCfg = AppStore|iPhone
		{E4333F68-CF32-46A1-9AD3-9231FB3F090E}.Debug|Any CPU.ActiveCfg = Debug|iPhone
		{E4333F68-CF32-46A1-9AD3-9231FB3F090E}.Debug|ARM.ActiveCfg = Debug|iPhone
		{E4333F68-CF32-46A1-9AD3-9231FB3F090E}.Debug|iPhone.ActiveCfg = Debug|iPhone
		{E4333F68-CF32-46A1-9AD3-9231FB3F090E}.Debug|iPhone.Build.0 = Debug|iPhone
		{E4333F68-CF32-46A1-9AD3-9231FB3F090E}.Debug|iPhoneSimulator.ActiveCfg = Debug|iPhoneSimulator
		{E4333F68-CF32-46A1-9AD3-9231FB3F090E}.Debug|iPhoneSimulator.Build.0 = Debug|iPhoneSimulator
		{E4333F68-CF32-46A1-9AD3-9231FB3F090E}.Debug|x64.ActiveCfg = Debug|iPhone
		{E4333F68-CF32-46A1-9AD3-9231FB3F090E}.Debug|x86.ActiveCfg = Debug|iPhone
		{E4333F68-CF32-46A1-9AD3-9231FB3F090E}.Release|Any CPU.ActiveCfg = Release|iPhone
		{E4333F68-CF32-46A1-9AD3-9231FB3F090E}.Release|ARM.ActiveCfg = Release|iPhone
		{E4333F68-CF32-46A1-9AD3-9231FB3F090E}.Release|iPhone.ActiveCfg = Release|iPhone
		{E4333F68-CF32-46A1-9AD3-9231FB3F090E}.Release|iPhone.Build.0 = Release|iPhone
		{E4333F68-CF32-46A1-9AD3-9231FB3F090E}.Release|iPhoneSimulator.ActiveCfg = Release|iPhoneSimulator
		{E4333F68-CF32-46A1-9AD3-9231FB3F090E}.Release|iPhoneSimulator.Build.0 = Release|iPhoneSimulator
		{E4333F68-CF32-46A1-9AD3-9231FB3F090E}.Release|x64.ActiveCfg = Release|iPhone
		{E4333F68-CF32-46A1-9AD3-9231FB3F090E}.Release|x86.ActiveCfg = Release|iPhone
		{B2FB9C48-DC35-4A38-AB76-7DAECF8F4576}.Ad-Hoc|Any CPU.ActiveCfg = Release|Any CPU
		{B2FB9C48-DC35-4A38-AB76-7DAECF8F4576}.Ad-Hoc|Any CPU.Build.0 = Release|Any CPU
		{B2FB9C48-DC35-4A38-AB76-7DAECF8F4576}.Ad-Hoc|Any CPU.Deploy.0 = Release|Any CPU
		{B2FB9C48-DC35-4A38-AB76-7DAECF8F4576}.Ad-Hoc|ARM.ActiveCfg = Release|ARM
		{B2FB9C48-DC35-4A38-AB76-7DAECF8F4576}.Ad-Hoc|ARM.Build.0 = Release|ARM
		{B2FB9C48-DC35-4A38-AB76-7DAECF8F4576}.Ad-Hoc|ARM.Deploy.0 = Release|ARM
		{B2FB9C48-DC35-4A38-AB76-7DAECF8F4576}.Ad-Hoc|iPhone.ActiveCfg = Release|Any CPU
		{B2FB9C48-DC35-4A38-AB76-7DAECF8F4576}.Ad-Hoc|iPhone.Build.0 = Release|Any CPU
		{B2FB9C48-DC35-4A38-AB76-7DAECF8F4576}.Ad-Hoc|iPhone.Deploy.0 = Release|Any CPU
		{B2FB9C48-DC35-4A38-AB76-7DAECF8F4576}.Ad-Hoc|iPhoneSimulator.ActiveCfg = Release|Any CPU
		{B2FB9C48-DC35-4A38-AB76-7DAECF8F4576}.Ad-Hoc|iPhoneSimulator.Build.0 = Release|Any CPU
		{B2FB9C48-DC35-4A38-AB76-7DAECF8F4576}.Ad-Hoc|iPhoneSimulator.Deploy.0 = Release|Any CPU
		{B2FB9C48-DC35-4A38-AB76-7DAECF8F4576}.Ad-Hoc|x64.ActiveCfg = Release|Any CPU
		{B2FB9C48-DC35-4A38-AB76-7DAECF8F4576}.Ad-Hoc|x64.Build.0 = Release|Any CPU
		{B2FB9C48-DC35-4A38-AB76-7DAECF8F4576}.Ad-Hoc|x64.Deploy.0 = Release|Any CPU
		{B2FB9C48-DC35-4A38-AB76-7DAECF8F4576}.Ad-Hoc|x86.ActiveCfg = Release|x86
		{B2FB9C48-DC35-4A38-AB76-7DAECF8F4576}.Ad-Hoc|x86.Build.0 = Release|x86
		{B2FB9C48-DC35-4A38-AB76-7DAECF8F4576}.Ad-Hoc|x86.Deploy.0 = Release|x86
		{B2FB9C48-DC35-4A38-AB76-7DAECF8F4576}.AppStore|Any CPU.ActiveCfg = Release|Any CPU
		{B2FB9C48-DC35-4A38-AB76-7DAECF8F4576}.AppStore|Any CPU.Build.0 = Release|Any CPU
		{B2FB9C48-DC35-4A38-AB76-7DAECF8F4576}.AppStore|Any CPU.Deploy.0 = Release|Any CPU
		{B2FB9C48-DC35-4A38-AB76-7DAECF8F4576}.AppStore|ARM.ActiveCfg = Release|ARM
		{B2FB9C48-DC35-4A38-AB76-7DAECF8F4576}.AppStore|ARM.Build.0 = Release|ARM
		{B2FB9C48-DC35-4A38-AB76-7DAECF8F4576}.AppStore|ARM.Deploy.0 = Release|ARM
		{B2FB9C48-DC35-4A38-AB76-7DAECF8F4576}.AppStore|iPhone.ActiveCfg = Release|Any CPU
		{B2FB9C48-DC35-4A38-AB76-7DAECF8F4576}.AppStore|iPhone.Build.0 = Release|Any CPU
		{B2FB9C48-DC35-4A38-AB76-7DAECF8F4576}.AppStore|iPhone.Deploy.0 = Release|Any CPU
		{B2FB9C48-DC35-4A38-AB76-7DAECF8F4576}.AppStore|iPhoneSimulator.ActiveCfg = Release|Any CPU
		{B2FB9C48-DC35-4A38-AB76-7DAECF8F4576}.AppStore|iPhoneSimulator.Build.0 = Release|Any CPU
		{B2FB9C48-DC35-4A38-AB76-7DAECF8F4576}.AppStore|iPhoneSimulator.Deploy.0 = Release|Any CPU
		{B2FB9C48-DC35-4A38-AB76-7DAECF8F4576}.AppStore|x64.ActiveCfg = Release|Any CPU
		{B2FB9C48-DC35-4A38-AB76-7DAECF8F4576}.AppStore|x64.Build.0 = Release|Any CPU
		{B2FB9C48-DC35-4A38-AB76-7DAECF8F4576}.AppStore|x64.Deploy.0 = Release|Any CPU
		{B2FB9C48-DC35-4A38-AB76-7DAECF8F4576}.AppStore|x86.ActiveCfg = Release|x86
		{B2FB9C48-DC35-4A38-AB76-7DAECF8F4576}.AppStore|x86.Build.0 = Release|x86
		{B2FB9C48-DC35-4A38-AB76-7DAECF8F4576}.AppStore|x86.Deploy.0 = Release|x86
		{B2FB9C48-DC35-4A38-AB76-7DAECF8F4576}.Debug|Any CPU.ActiveCfg = Debug|Any CPU
		{B2FB9C48-DC35-4A38-AB76-7DAECF8F4576}.Debug|Any CPU.Build.0 = Debug|Any CPU
		{B2FB9C48-DC35-4A38-AB76-7DAECF8F4576}.Debug|Any CPU.Deploy.0 = Debug|Any CPU
		{B2FB9C48-DC35-4A38-AB76-7DAECF8F4576}.Debug|ARM.ActiveCfg = Debug|ARM
		{B2FB9C48-DC35-4A38-AB76-7DAECF8F4576}.Debug|ARM.Build.0 = Debug|ARM
		{B2FB9C48-DC35-4A38-AB76-7DAECF8F4576}.Debug|ARM.Deploy.0 = Debug|ARM
		{B2FB9C48-DC35-4A38-AB76-7DAECF8F4576}.Debug|iPhone.ActiveCfg = Debug|Any CPU
		{B2FB9C48-DC35-4A38-AB76-7DAECF8F4576}.Debug|iPhone.Build.0 = Debug|Any CPU
		{B2FB9C48-DC35-4A38-AB76-7DAECF8F4576}.Debug|iPhone.Deploy.0 = Debug|Any CPU
		{B2FB9C48-DC35-4A38-AB76-7DAECF8F4576}.Debug|iPhoneSimulator.ActiveCfg = Debug|Any CPU
		{B2FB9C48-DC35-4A38-AB76-7DAECF8F4576}.Debug|iPhoneSimulator.Build.0 = Debug|Any CPU
		{B2FB9C48-DC35-4A38-AB76-7DAECF8F4576}.Debug|iPhoneSimulator.Deploy.0 = Debug|Any CPU
		{B2FB9C48-DC35-4A38-AB76-7DAECF8F4576}.Debug|x64.ActiveCfg = Debug|Any CPU
		{B2FB9C48-DC35-4A38-AB76-7DAECF8F4576}.Debug|x64.Build.0 = Debug|Any CPU
		{B2FB9C48-DC35-4A38-AB76-7DAECF8F4576}.Debug|x64.Deploy.0 = Debug|Any CPU
		{B2FB9C48-DC35-4A38-AB76-7DAECF8F4576}.Debug|x86.ActiveCfg = Debug|x86
		{B2FB9C48-DC35-4A38-AB76-7DAECF8F4576}.Debug|x86.Build.0 = Debug|x86
		{B2FB9C48-DC35-4A38-AB76-7DAECF8F4576}.Debug|x86.Deploy.0 = Debug|x86
		{B2FB9C48-DC35-4A38-AB76-7DAECF8F4576}.Release|Any CPU.ActiveCfg = Release|Any CPU
		{B2FB9C48-DC35-4A38-AB76-7DAECF8F4576}.Release|Any CPU.Build.0 = Release|Any CPU
		{B2FB9C48-DC35-4A38-AB76-7DAECF8F4576}.Release|Any CPU.Deploy.0 = Release|Any CPU
		{B2FB9C48-DC35-4A38-AB76-7DAECF8F4576}.Release|ARM.ActiveCfg = Release|ARM
		{B2FB9C48-DC35-4A38-AB76-7DAECF8F4576}.Release|ARM.Build.0 = Release|ARM
		{B2FB9C48-DC35-4A38-AB76-7DAECF8F4576}.Release|ARM.Deploy.0 = Release|ARM
		{B2FB9C48-DC35-4A38-AB76-7DAECF8F4576}.Release|iPhone.ActiveCfg = Release|Any CPU
		{B2FB9C48-DC35-4A38-AB76-7DAECF8F4576}.Release|iPhone.Build.0 = Release|Any CPU
		{B2FB9C48-DC35-4A38-AB76-7DAECF8F4576}.Release|iPhone.Deploy.0 = Release|Any CPU
		{B2FB9C48-DC35-4A38-AB76-7DAECF8F4576}.Release|iPhoneSimulator.ActiveCfg = Release|Any CPU
		{B2FB9C48-DC35-4A38-AB76-7DAECF8F4576}.Release|iPhoneSimulator.Build.0 = Release|Any CPU
		{B2FB9C48-DC35-4A38-AB76-7DAECF8F4576}.Release|iPhoneSimulator.Deploy.0 = Release|Any CPU
		{B2FB9C48-DC35-4A38-AB76-7DAECF8F4576}.Release|x64.ActiveCfg = Release|Any CPU
		{B2FB9C48-DC35-4A38-AB76-7DAECF8F4576}.Release|x64.Build.0 = Release|Any CPU
		{B2FB9C48-DC35-4A38-AB76-7DAECF8F4576}.Release|x64.Deploy.0 = Release|Any CPU
		{B2FB9C48-DC35-4A38-AB76-7DAECF8F4576}.Release|x86.ActiveCfg = Release|x86
		{B2FB9C48-DC35-4A38-AB76-7DAECF8F4576}.Release|x86.Build.0 = Release|x86
		{B2FB9C48-DC35-4A38-AB76-7DAECF8F4576}.Release|x86.Deploy.0 = Release|x86
		{C20F8C7A-1825-46F2-9755-2B27A85EBFAE}.Ad-Hoc|Any CPU.ActiveCfg = Release|x86
		{C20F8C7A-1825-46F2-9755-2B27A85EBFAE}.Ad-Hoc|Any CPU.Build.0 = Release|x86
		{C20F8C7A-1825-46F2-9755-2B27A85EBFAE}.Ad-Hoc|Any CPU.Deploy.0 = Release|x86
		{C20F8C7A-1825-46F2-9755-2B27A85EBFAE}.Ad-Hoc|ARM.ActiveCfg = Release|ARM
		{C20F8C7A-1825-46F2-9755-2B27A85EBFAE}.Ad-Hoc|ARM.Build.0 = Release|ARM
		{C20F8C7A-1825-46F2-9755-2B27A85EBFAE}.Ad-Hoc|ARM.Deploy.0 = Release|ARM
		{C20F8C7A-1825-46F2-9755-2B27A85EBFAE}.Ad-Hoc|iPhone.ActiveCfg = Release|x86
		{C20F8C7A-1825-46F2-9755-2B27A85EBFAE}.Ad-Hoc|iPhone.Build.0 = Release|x86
		{C20F8C7A-1825-46F2-9755-2B27A85EBFAE}.Ad-Hoc|iPhone.Deploy.0 = Release|x86
		{C20F8C7A-1825-46F2-9755-2B27A85EBFAE}.Ad-Hoc|iPhoneSimulator.ActiveCfg = Release|x86
		{C20F8C7A-1825-46F2-9755-2B27A85EBFAE}.Ad-Hoc|iPhoneSimulator.Build.0 = Release|x86
		{C20F8C7A-1825-46F2-9755-2B27A85EBFAE}.Ad-Hoc|iPhoneSimulator.Deploy.0 = Release|x86
		{C20F8C7A-1825-46F2-9755-2B27A85EBFAE}.Ad-Hoc|x64.ActiveCfg = Release|x64
		{C20F8C7A-1825-46F2-9755-2B27A85EBFAE}.Ad-Hoc|x64.Build.0 = Release|x64
		{C20F8C7A-1825-46F2-9755-2B27A85EBFAE}.Ad-Hoc|x64.Deploy.0 = Release|x64
		{C20F8C7A-1825-46F2-9755-2B27A85EBFAE}.Ad-Hoc|x86.ActiveCfg = Release|x86
		{C20F8C7A-1825-46F2-9755-2B27A85EBFAE}.Ad-Hoc|x86.Build.0 = Release|x86
		{C20F8C7A-1825-46F2-9755-2B27A85EBFAE}.Ad-Hoc|x86.Deploy.0 = Release|x86
		{C20F8C7A-1825-46F2-9755-2B27A85EBFAE}.AppStore|Any CPU.ActiveCfg = Release|x86
		{C20F8C7A-1825-46F2-9755-2B27A85EBFAE}.AppStore|Any CPU.Build.0 = Release|x86
		{C20F8C7A-1825-46F2-9755-2B27A85EBFAE}.AppStore|Any CPU.Deploy.0 = Release|x86
		{C20F8C7A-1825-46F2-9755-2B27A85EBFAE}.AppStore|ARM.ActiveCfg = Release|ARM
		{C20F8C7A-1825-46F2-9755-2B27A85EBFAE}.AppStore|ARM.Build.0 = Release|ARM
		{C20F8C7A-1825-46F2-9755-2B27A85EBFAE}.AppStore|ARM.Deploy.0 = Release|ARM
		{C20F8C7A-1825-46F2-9755-2B27A85EBFAE}.AppStore|iPhone.ActiveCfg = Release|x86
		{C20F8C7A-1825-46F2-9755-2B27A85EBFAE}.AppStore|iPhone.Build.0 = Release|x86
		{C20F8C7A-1825-46F2-9755-2B27A85EBFAE}.AppStore|iPhone.Deploy.0 = Release|x86
		{C20F8C7A-1825-46F2-9755-2B27A85EBFAE}.AppStore|iPhoneSimulator.ActiveCfg = Release|x86
		{C20F8C7A-1825-46F2-9755-2B27A85EBFAE}.AppStore|iPhoneSimulator.Build.0 = Release|x86
		{C20F8C7A-1825-46F2-9755-2B27A85EBFAE}.AppStore|iPhoneSimulator.Deploy.0 = Release|x86
		{C20F8C7A-1825-46F2-9755-2B27A85EBFAE}.AppStore|x64.ActiveCfg = Release|x64
		{C20F8C7A-1825-46F2-9755-2B27A85EBFAE}.AppStore|x64.Build.0 = Release|x64
		{C20F8C7A-1825-46F2-9755-2B27A85EBFAE}.AppStore|x64.Deploy.0 = Release|x64
		{C20F8C7A-1825-46F2-9755-2B27A85EBFAE}.AppStore|x86.ActiveCfg = Release|x86
		{C20F8C7A-1825-46F2-9755-2B27A85EBFAE}.AppStore|x86.Build.0 = Release|x86
		{C20F8C7A-1825-46F2-9755-2B27A85EBFAE}.AppStore|x86.Deploy.0 = Release|x86
		{C20F8C7A-1825-46F2-9755-2B27A85EBFAE}.Debug|Any CPU.ActiveCfg = Debug|x86
		{C20F8C7A-1825-46F2-9755-2B27A85EBFAE}.Debug|ARM.ActiveCfg = Debug|ARM
		{C20F8C7A-1825-46F2-9755-2B27A85EBFAE}.Debug|ARM.Build.0 = Debug|ARM
		{C20F8C7A-1825-46F2-9755-2B27A85EBFAE}.Debug|ARM.Deploy.0 = Debug|ARM
		{C20F8C7A-1825-46F2-9755-2B27A85EBFAE}.Debug|iPhone.ActiveCfg = Debug|x86
		{C20F8C7A-1825-46F2-9755-2B27A85EBFAE}.Debug|iPhoneSimulator.ActiveCfg = Debug|x86
		{C20F8C7A-1825-46F2-9755-2B27A85EBFAE}.Debug|x64.ActiveCfg = Debug|x64
		{C20F8C7A-1825-46F2-9755-2B27A85EBFAE}.Debug|x64.Build.0 = Debug|x64
		{C20F8C7A-1825-46F2-9755-2B27A85EBFAE}.Debug|x64.Deploy.0 = Debug|x64
		{C20F8C7A-1825-46F2-9755-2B27A85EBFAE}.Debug|x86.ActiveCfg = Debug|x86
		{C20F8C7A-1825-46F2-9755-2B27A85EBFAE}.Debug|x86.Build.0 = Debug|x86
		{C20F8C7A-1825-46F2-9755-2B27A85EBFAE}.Debug|x86.Deploy.0 = Debug|x86
		{C20F8C7A-1825-46F2-9755-2B27A85EBFAE}.Release|Any CPU.ActiveCfg = Release|x86
		{C20F8C7A-1825-46F2-9755-2B27A85EBFAE}.Release|ARM.ActiveCfg = Release|ARM
		{C20F8C7A-1825-46F2-9755-2B27A85EBFAE}.Release|ARM.Build.0 = Release|ARM
		{C20F8C7A-1825-46F2-9755-2B27A85EBFAE}.Release|ARM.Deploy.0 = Release|ARM
		{C20F8C7A-1825-46F2-9755-2B27A85EBFAE}.Release|iPhone.ActiveCfg = Release|x86
		{C20F8C7A-1825-46F2-9755-2B27A85EBFAE}.Release|iPhoneSimulator.ActiveCfg = Release|x86
		{C20F8C7A-1825-46F2-9755-2B27A85EBFAE}.Release|x64.ActiveCfg = Release|x64
		{C20F8C7A-1825-46F2-9755-2B27A85EBFAE}.Release|x64.Build.0 = Release|x64
		{C20F8C7A-1825-46F2-9755-2B27A85EBFAE}.Release|x64.Deploy.0 = Release|x64
		{C20F8C7A-1825-46F2-9755-2B27A85EBFAE}.Release|x86.ActiveCfg = Release|x86
		{C20F8C7A-1825-46F2-9755-2B27A85EBFAE}.Release|x86.Build.0 = Release|x86
		{C20F8C7A-1825-46F2-9755-2B27A85EBFAE}.Release|x86.Deploy.0 = Release|x86
		{E9867B0B-0EEF-4812-BD42-5646AC065EFD}.Ad-Hoc|Any CPU.ActiveCfg = Release|Any CPU
		{E9867B0B-0EEF-4812-BD42-5646AC065EFD}.Ad-Hoc|Any CPU.Build.0 = Release|Any CPU
		{E9867B0B-0EEF-4812-BD42-5646AC065EFD}.Ad-Hoc|Any CPU.Deploy.0 = Release|Any CPU
		{E9867B0B-0EEF-4812-BD42-5646AC065EFD}.Ad-Hoc|ARM.ActiveCfg = Release|ARM
		{E9867B0B-0EEF-4812-BD42-5646AC065EFD}.Ad-Hoc|ARM.Build.0 = Release|ARM
		{E9867B0B-0EEF-4812-BD42-5646AC065EFD}.Ad-Hoc|ARM.Deploy.0 = Release|ARM
		{E9867B0B-0EEF-4812-BD42-5646AC065EFD}.Ad-Hoc|iPhone.ActiveCfg = Release|Any CPU
		{E9867B0B-0EEF-4812-BD42-5646AC065EFD}.Ad-Hoc|iPhone.Build.0 = Release|Any CPU
		{E9867B0B-0EEF-4812-BD42-5646AC065EFD}.Ad-Hoc|iPhone.Deploy.0 = Release|Any CPU
		{E9867B0B-0EEF-4812-BD42-5646AC065EFD}.Ad-Hoc|iPhoneSimulator.ActiveCfg = Release|Any CPU
		{E9867B0B-0EEF-4812-BD42-5646AC065EFD}.Ad-Hoc|iPhoneSimulator.Build.0 = Release|Any CPU
		{E9867B0B-0EEF-4812-BD42-5646AC065EFD}.Ad-Hoc|iPhoneSimulator.Deploy.0 = Release|Any CPU
		{E9867B0B-0EEF-4812-BD42-5646AC065EFD}.Ad-Hoc|x64.ActiveCfg = Release|x64
		{E9867B0B-0EEF-4812-BD42-5646AC065EFD}.Ad-Hoc|x64.Build.0 = Release|x64
		{E9867B0B-0EEF-4812-BD42-5646AC065EFD}.Ad-Hoc|x64.Deploy.0 = Release|x64
		{E9867B0B-0EEF-4812-BD42-5646AC065EFD}.Ad-Hoc|x86.ActiveCfg = Release|x86
		{E9867B0B-0EEF-4812-BD42-5646AC065EFD}.Ad-Hoc|x86.Build.0 = Release|x86
		{E9867B0B-0EEF-4812-BD42-5646AC065EFD}.Ad-Hoc|x86.Deploy.0 = Release|x86
		{E9867B0B-0EEF-4812-BD42-5646AC065EFD}.AppStore|Any CPU.ActiveCfg = Release|Any CPU
		{E9867B0B-0EEF-4812-BD42-5646AC065EFD}.AppStore|Any CPU.Build.0 = Release|Any CPU
		{E9867B0B-0EEF-4812-BD42-5646AC065EFD}.AppStore|Any CPU.Deploy.0 = Release|Any CPU
		{E9867B0B-0EEF-4812-BD42-5646AC065EFD}.AppStore|ARM.ActiveCfg = Release|ARM
		{E9867B0B-0EEF-4812-BD42-5646AC065EFD}.AppStore|ARM.Build.0 = Release|ARM
		{E9867B0B-0EEF-4812-BD42-5646AC065EFD}.AppStore|ARM.Deploy.0 = Release|ARM
		{E9867B0B-0EEF-4812-BD42-5646AC065EFD}.AppStore|iPhone.ActiveCfg = Release|Any CPU
		{E9867B0B-0EEF-4812-BD42-5646AC065EFD}.AppStore|iPhone.Build.0 = Release|Any CPU
		{E9867B0B-0EEF-4812-BD42-5646AC065EFD}.AppStore|iPhone.Deploy.0 = Release|Any CPU
		{E9867B0B-0EEF-4812-BD42-5646AC065EFD}.AppStore|iPhoneSimulator.ActiveCfg = Release|Any CPU
		{E9867B0B-0EEF-4812-BD42-5646AC065EFD}.AppStore|iPhoneSimulator.Build.0 = Release|Any CPU
		{E9867B0B-0EEF-4812-BD42-5646AC065EFD}.AppStore|iPhoneSimulator.Deploy.0 = Release|Any CPU
		{E9867B0B-0EEF-4812-BD42-5646AC065EFD}.AppStore|x64.ActiveCfg = Release|x64
		{E9867B0B-0EEF-4812-BD42-5646AC065EFD}.AppStore|x64.Build.0 = Release|x64
		{E9867B0B-0EEF-4812-BD42-5646AC065EFD}.AppStore|x64.Deploy.0 = Release|x64
		{E9867B0B-0EEF-4812-BD42-5646AC065EFD}.AppStore|x86.ActiveCfg = Release|x86
		{E9867B0B-0EEF-4812-BD42-5646AC065EFD}.AppStore|x86.Build.0 = Release|x86
		{E9867B0B-0EEF-4812-BD42-5646AC065EFD}.AppStore|x86.Deploy.0 = Release|x86
		{E9867B0B-0EEF-4812-BD42-5646AC065EFD}.Debug|Any CPU.ActiveCfg = Debug|Any CPU
		{E9867B0B-0EEF-4812-BD42-5646AC065EFD}.Debug|Any CPU.Build.0 = Debug|Any CPU
		{E9867B0B-0EEF-4812-BD42-5646AC065EFD}.Debug|Any CPU.Deploy.0 = Debug|Any CPU
		{E9867B0B-0EEF-4812-BD42-5646AC065EFD}.Debug|ARM.ActiveCfg = Debug|ARM
		{E9867B0B-0EEF-4812-BD42-5646AC065EFD}.Debug|ARM.Build.0 = Debug|ARM
		{E9867B0B-0EEF-4812-BD42-5646AC065EFD}.Debug|ARM.Deploy.0 = Debug|ARM
		{E9867B0B-0EEF-4812-BD42-5646AC065EFD}.Debug|iPhone.ActiveCfg = Debug|Any CPU
		{E9867B0B-0EEF-4812-BD42-5646AC065EFD}.Debug|iPhone.Build.0 = Debug|Any CPU
		{E9867B0B-0EEF-4812-BD42-5646AC065EFD}.Debug|iPhone.Deploy.0 = Debug|Any CPU
		{E9867B0B-0EEF-4812-BD42-5646AC065EFD}.Debug|iPhoneSimulator.ActiveCfg = Debug|Any CPU
		{E9867B0B-0EEF-4812-BD42-5646AC065EFD}.Debug|iPhoneSimulator.Build.0 = Debug|Any CPU
		{E9867B0B-0EEF-4812-BD42-5646AC065EFD}.Debug|iPhoneSimulator.Deploy.0 = Debug|Any CPU
		{E9867B0B-0EEF-4812-BD42-5646AC065EFD}.Debug|x64.ActiveCfg = Debug|x64
		{E9867B0B-0EEF-4812-BD42-5646AC065EFD}.Debug|x64.Build.0 = Debug|x64
		{E9867B0B-0EEF-4812-BD42-5646AC065EFD}.Debug|x64.Deploy.0 = Debug|x64
		{E9867B0B-0EEF-4812-BD42-5646AC065EFD}.Debug|x86.ActiveCfg = Debug|x86
		{E9867B0B-0EEF-4812-BD42-5646AC065EFD}.Debug|x86.Build.0 = Debug|x86
		{E9867B0B-0EEF-4812-BD42-5646AC065EFD}.Debug|x86.Deploy.0 = Debug|x86
		{E9867B0B-0EEF-4812-BD42-5646AC065EFD}.Release|Any CPU.ActiveCfg = Release|Any CPU
		{E9867B0B-0EEF-4812-BD42-5646AC065EFD}.Release|Any CPU.Build.0 = Release|Any CPU
		{E9867B0B-0EEF-4812-BD42-5646AC065EFD}.Release|Any CPU.Deploy.0 = Release|Any CPU
		{E9867B0B-0EEF-4812-BD42-5646AC065EFD}.Release|ARM.ActiveCfg = Release|ARM
		{E9867B0B-0EEF-4812-BD42-5646AC065EFD}.Release|ARM.Build.0 = Release|ARM
		{E9867B0B-0EEF-4812-BD42-5646AC065EFD}.Release|ARM.Deploy.0 = Release|ARM
		{E9867B0B-0EEF-4812-BD42-5646AC065EFD}.Release|iPhone.ActiveCfg = Release|Any CPU
		{E9867B0B-0EEF-4812-BD42-5646AC065EFD}.Release|iPhone.Build.0 = Release|Any CPU
		{E9867B0B-0EEF-4812-BD42-5646AC065EFD}.Release|iPhone.Deploy.0 = Release|Any CPU
		{E9867B0B-0EEF-4812-BD42-5646AC065EFD}.Release|iPhoneSimulator.ActiveCfg = Release|Any CPU
		{E9867B0B-0EEF-4812-BD42-5646AC065EFD}.Release|iPhoneSimulator.Build.0 = Release|Any CPU
		{E9867B0B-0EEF-4812-BD42-5646AC065EFD}.Release|iPhoneSimulator.Deploy.0 = Release|Any CPU
		{E9867B0B-0EEF-4812-BD42-5646AC065EFD}.Release|x64.ActiveCfg = Release|x64
		{E9867B0B-0EEF-4812-BD42-5646AC065EFD}.Release|x64.Build.0 = Release|x64
		{E9867B0B-0EEF-4812-BD42-5646AC065EFD}.Release|x64.Deploy.0 = Release|x64
		{E9867B0B-0EEF-4812-BD42-5646AC065EFD}.Release|x86.ActiveCfg = Release|x86
		{E9867B0B-0EEF-4812-BD42-5646AC065EFD}.Release|x86.Build.0 = Release|x86
		{E9867B0B-0EEF-4812-BD42-5646AC065EFD}.Release|x86.Deploy.0 = Release|x86
		{E51CE0D1-C485-4D4A-B3AD-F669AC3036D7}.Ad-Hoc|Any CPU.ActiveCfg = Release|Any CPU
		{E51CE0D1-C485-4D4A-B3AD-F669AC3036D7}.Ad-Hoc|Any CPU.Build.0 = Release|Any CPU
		{E51CE0D1-C485-4D4A-B3AD-F669AC3036D7}.Ad-Hoc|ARM.ActiveCfg = Release|Any CPU
		{E51CE0D1-C485-4D4A-B3AD-F669AC3036D7}.Ad-Hoc|ARM.Build.0 = Release|Any CPU
		{E51CE0D1-C485-4D4A-B3AD-F669AC3036D7}.Ad-Hoc|iPhone.ActiveCfg = Release|Any CPU
		{E51CE0D1-C485-4D4A-B3AD-F669AC3036D7}.Ad-Hoc|iPhone.Build.0 = Release|Any CPU
		{E51CE0D1-C485-4D4A-B3AD-F669AC3036D7}.Ad-Hoc|iPhoneSimulator.ActiveCfg = Release|Any CPU
		{E51CE0D1-C485-4D4A-B3AD-F669AC3036D7}.Ad-Hoc|iPhoneSimulator.Build.0 = Release|Any CPU
		{E51CE0D1-C485-4D4A-B3AD-F669AC3036D7}.Ad-Hoc|x64.ActiveCfg = Release|Any CPU
		{E51CE0D1-C485-4D4A-B3AD-F669AC3036D7}.Ad-Hoc|x64.Build.0 = Release|Any CPU
		{E51CE0D1-C485-4D4A-B3AD-F669AC3036D7}.Ad-Hoc|x86.ActiveCfg = Release|Any CPU
		{E51CE0D1-C485-4D4A-B3AD-F669AC3036D7}.Ad-Hoc|x86.Build.0 = Release|Any CPU
		{E51CE0D1-C485-4D4A-B3AD-F669AC3036D7}.AppStore|Any CPU.ActiveCfg = Release|Any CPU
		{E51CE0D1-C485-4D4A-B3AD-F669AC3036D7}.AppStore|Any CPU.Build.0 = Release|Any CPU
		{E51CE0D1-C485-4D4A-B3AD-F669AC3036D7}.AppStore|ARM.ActiveCfg = Release|Any CPU
		{E51CE0D1-C485-4D4A-B3AD-F669AC3036D7}.AppStore|ARM.Build.0 = Release|Any CPU
		{E51CE0D1-C485-4D4A-B3AD-F669AC3036D7}.AppStore|iPhone.ActiveCfg = Release|Any CPU
		{E51CE0D1-C485-4D4A-B3AD-F669AC3036D7}.AppStore|iPhone.Build.0 = Release|Any CPU
		{E51CE0D1-C485-4D4A-B3AD-F669AC3036D7}.AppStore|iPhoneSimulator.ActiveCfg = Release|Any CPU
		{E51CE0D1-C485-4D4A-B3AD-F669AC3036D7}.AppStore|iPhoneSimulator.Build.0 = Release|Any CPU
		{E51CE0D1-C485-4D4A-B3AD-F669AC3036D7}.AppStore|x64.ActiveCfg = Release|Any CPU
		{E51CE0D1-C485-4D4A-B3AD-F669AC3036D7}.AppStore|x64.Build.0 = Release|Any CPU
		{E51CE0D1-C485-4D4A-B3AD-F669AC3036D7}.AppStore|x86.ActiveCfg = Release|Any CPU
		{E51CE0D1-C485-4D4A-B3AD-F669AC3036D7}.AppStore|x86.Build.0 = Release|Any CPU
		{E51CE0D1-C485-4D4A-B3AD-F669AC3036D7}.Debug|Any CPU.ActiveCfg = Debug|Any CPU
		{E51CE0D1-C485-4D4A-B3AD-F669AC3036D7}.Debug|Any CPU.Build.0 = Debug|Any CPU
		{E51CE0D1-C485-4D4A-B3AD-F669AC3036D7}.Debug|ARM.ActiveCfg = Debug|Any CPU
		{E51CE0D1-C485-4D4A-B3AD-F669AC3036D7}.Debug|ARM.Build.0 = Debug|Any CPU
		{E51CE0D1-C485-4D4A-B3AD-F669AC3036D7}.Debug|iPhone.ActiveCfg = Debug|Any CPU
		{E51CE0D1-C485-4D4A-B3AD-F669AC3036D7}.Debug|iPhone.Build.0 = Debug|Any CPU
		{E51CE0D1-C485-4D4A-B3AD-F669AC3036D7}.Debug|iPhoneSimulator.ActiveCfg = Debug|Any CPU
		{E51CE0D1-C485-4D4A-B3AD-F669AC3036D7}.Debug|iPhoneSimulator.Build.0 = Debug|Any CPU
		{E51CE0D1-C485-4D4A-B3AD-F669AC3036D7}.Debug|x64.ActiveCfg = Debug|Any CPU
		{E51CE0D1-C485-4D4A-B3AD-F669AC3036D7}.Debug|x64.Build.0 = Debug|Any CPU
		{E51CE0D1-C485-4D4A-B3AD-F669AC3036D7}.Debug|x86.ActiveCfg = Debug|Any CPU
		{E51CE0D1-C485-4D4A-B3AD-F669AC3036D7}.Debug|x86.Build.0 = Debug|Any CPU
		{E51CE0D1-C485-4D4A-B3AD-F669AC3036D7}.Release|Any CPU.ActiveCfg = Release|Any CPU
		{E51CE0D1-C485-4D4A-B3AD-F669AC3036D7}.Release|Any CPU.Build.0 = Release|Any CPU
		{E51CE0D1-C485-4D4A-B3AD-F669AC3036D7}.Release|ARM.ActiveCfg = Release|Any CPU
		{E51CE0D1-C485-4D4A-B3AD-F669AC3036D7}.Release|ARM.Build.0 = Release|Any CPU
		{E51CE0D1-C485-4D4A-B3AD-F669AC3036D7}.Release|iPhone.ActiveCfg = Release|Any CPU
		{E51CE0D1-C485-4D4A-B3AD-F669AC3036D7}.Release|iPhone.Build.0 = Release|Any CPU
		{E51CE0D1-C485-4D4A-B3AD-F669AC3036D7}.Release|iPhoneSimulator.ActiveCfg = Release|Any CPU
		{E51CE0D1-C485-4D4A-B3AD-F669AC3036D7}.Release|iPhoneSimulator.Build.0 = Release|Any CPU
		{E51CE0D1-C485-4D4A-B3AD-F669AC3036D7}.Release|x64.ActiveCfg = Release|Any CPU
		{E51CE0D1-C485-4D4A-B3AD-F669AC3036D7}.Release|x64.Build.0 = Release|Any CPU
		{E51CE0D1-C485-4D4A-B3AD-F669AC3036D7}.Release|x86.ActiveCfg = Release|Any CPU
		{E51CE0D1-C485-4D4A-B3AD-F669AC3036D7}.Release|x86.Build.0 = Release|Any CPU
	EndGlobalSection
	GlobalSection(SolutionProperties) = preSolution
		HideSolutionNode = FALSE
	EndGlobalSection
EndGlobal
